
Microsoft Visual Studio Solution File, Format Version 12.00
# Visual Studio Version 16
VisualStudioVersion = 16.0.31205.134
MinimumVisualStudioVersion = 10.0.40219.1
Project("{FAE04EC0-301F-11D3-BF4B-00C04F79EFBC}") = "MernisCheckProject", "MernisCheckProject\MernisCheckProject.csproj", "{29791A60-84D1-468E-82BF-95492A4CDE77}"
EndProject
Global
	GlobalSection(SolutionConfigurationPlatforms) = preSolution
		Debug|Any CPU = Debug|Any CPU
		Release|Any CPU = Release|Any CPU
	EndGlobalSection
	GlobalSection(ProjectConfigurationPlatforms) = postSolution
		{29791A60-84D1-468E-82BF-95492A4CDE77}.Debug|Any CPU.ActiveCfg = Debug|Any CPU
		{29791A60-84D1-468E-82BF-95492A4CDE77}.Debug|Any CPU.Build.0 = Debug|Any CPU
		{29791A60-84D1-468E-82BF-95492A4CDE77}.Release|Any CPU.ActiveCfg = Release|Any CPU
		{29791A60-84D1-468E-82BF-95492A4CDE77}.Release|Any CPU.Build.0 = Release|Any CPU
	EndGlobalSection
	GlobalSection(SolutionProperties) = preSolution
		HideSolutionNode = FALSE
	EndGlobalSection
	GlobalSection(ExtensibilityGlobals) = postSolution
		SolutionGuid = {C647DDEA-1247-4D82-9E7E-01371DBD366A}
	EndGlobalSection
EndGlobal
